
Microsoft Visual Studio Solution File, Format Version 12.00
# Visual Studio 14
VisualStudioVersion = 14.0.25420.1
MinimumVisualStudioVersion = 10.0.40219.1
Project("{FAE04EC0-301F-11D3-BF4B-00C04F79EFBC}") = "Consumer", "Consumer\Consumer.csproj", "{0BD21965-AAC8-4681-95DB-D291F32905FC}"
EndProject
Project("{FAE04EC0-301F-11D3-BF4B-00C04F79EFBC}") = "WeiXin.Lib.Core", "WeiXin.Lib.Core\WeiXin.Lib.Core.csproj", "{5B848A5A-700E-4202-BBF7-1100BE755449}"
EndProject
Global
	GlobalSection(SolutionConfigurationPlatforms) = preSolution
		Debug|Any CPU = Debug|Any CPU
		Release|Any CPU = Release|Any CPU
	EndGlobalSection
	GlobalSection(ProjectConfigurationPlatforms) = postSolution
		{0BD21965-AAC8-4681-95DB-D291F32905FC}.Debug|Any CPU.ActiveCfg = Debug|Any CPU
		{0BD21965-AAC8-4681-95DB-D291F32905FC}.Debug|Any CPU.Build.0 = Debug|Any CPU
		{0BD21965-AAC8-4681-95DB-D291F32905FC}.Release|Any CPU.ActiveCfg = Release|Any CPU
		{0BD21965-AAC8-4681-95DB-D291F32905FC}.Release|Any CPU.Build.0 = Release|Any CPU
		{5B848A5A-700E-4202-BBF7-1100BE755449}.Debug|Any CPU.ActiveCfg = Debug|Any CPU
		{5B848A5A-700E-4202-BBF7-1100BE755449}.Debug|Any CPU.Build.0 = Debug|Any CPU
		{5B848A5A-700E-4202-BBF7-1100BE755449}.Release|Any CPU.ActiveCfg = Release|Any CPU
		{5B848A5A-700E-4202-BBF7-1100BE755449}.Release|Any CPU.Build.0 = Release|Any CPU
	EndGlobalSection
	GlobalSection(SolutionProperties) = preSolution
		HideSolutionNode = FALSE
	EndGlobalSection
EndGlobal
